
Microsoft Visual Studio Solution File, Format Version 12.00
# Visual Studio Version 16
VisualStudioVersion = 16.0.30804.86
MinimumVisualStudioVersion = 10.0.40219.1
Project("{FAE04EC0-301F-11D3-BF4B-00C04F79EFBC}") = "LojaCET49", "LojaCET49\LojaCET49.csproj", "{380EDD1D-1944-4F06-B32C-7DE881B6E36D}"
EndProject
Global
	GlobalSection(SolutionConfigurationPlatforms) = preSolution
		Debug|Any CPU = Debug|Any CPU
		Release|Any CPU = Release|Any CPU
	EndGlobalSection
	GlobalSection(ProjectConfigurationPlatforms) = postSolution
		{380EDD1D-1944-4F06-B32C-7DE881B6E36D}.Debug|Any CPU.ActiveCfg = Debug|Any CPU
		{380EDD1D-1944-4F06-B32C-7DE881B6E36D}.Debug|Any CPU.Build.0 = Debug|Any CPU
		{380EDD1D-1944-4F06-B32C-7DE881B6E36D}.Release|Any CPU.ActiveCfg = Release|Any CPU
		{380EDD1D-1944-4F06-B32C-7DE881B6E36D}.Release|Any CPU.Build.0 = Release|Any CPU
	EndGlobalSection
	GlobalSection(SolutionProperties) = preSolution
		HideSolutionNode = FALSE
	EndGlobalSection
	GlobalSection(ExtensibilityGlobals) = postSolution
		SolutionGuid = {0FCEAC4B-780E-4379-A43D-C294E179E2FD}
	EndGlobalSection
EndGlobal
